// !$*UTF8*$!
{
	archiveVersion = 1;
	classes = {
	};
	objectVersion = 50;
	objects = {

/* Begin PBXBuildFile section */
		771EF0242226D0BB0033B8EC /* AppDelegate.swift in Sources */ = {isa = PBXBuildFile; fileRef = 771EF0232226D0BB0033B8EC /* AppDelegate.swift */; };
		771EF0292226D0BB0033B8EC /* Main.storyboard in Resources */ = {isa = PBXBuildFile; fileRef = 771EF0272226D0BB0033B8EC /* Main.storyboard */; };
		771EF02B2226D0BD0033B8EC /* Assets.xcassets in Resources */ = {isa = PBXBuildFile; fileRef = 771EF02A2226D0BD0033B8EC /* Assets.xcassets */; };
		771EF02E2226D0BD0033B8EC /* LaunchScreen.storyboard in Resources */ = {isa = PBXBuildFile; fileRef = 771EF02C2226D0BD0033B8EC /* LaunchScreen.storyboard */; };
		7732D782223082230053BC0F /* CloudKitManager.swift in Sources */ = {isa = PBXBuildFile; fileRef = 7732D781223082230053BC0F /* CloudKitManager.swift */; };
		7732D7842230CC1C0053BC0F /* UserDefaults+Keys.swift in Sources */ = {isa = PBXBuildFile; fileRef = 7732D7832230CC1C0053BC0F /* UserDefaults+Keys.swift */; };
		779B4B40222711AC008268E1 /* HomeViewController.swift in Sources */ = {isa = PBXBuildFile; fileRef = 779B4B3F222711AC008268E1 /* HomeViewController.swift */; };
		779B4B422227125C008268E1 /* BookCollectionViewCell.swift in Sources */ = {isa = PBXBuildFile; fileRef = 779B4B412227125C008268E1 /* BookCollectionViewCell.swift */; };
		779B4B462227FF2A008268E1 /* Book.swift in Sources */ = {isa = PBXBuildFile; fileRef = 779B4B452227FF2A008268E1 /* Book.swift */; };
		779B4B4A2228020D008268E1 /* CoreDataManager.swift in Sources */ = {isa = PBXBuildFile; fileRef = 779B4B492228020D008268E1 /* CoreDataManager.swift */; };
		779B4B50222848E5008268E1 /* CollectionViewDataSource.swift in Sources */ = {isa = PBXBuildFile; fileRef = 779B4B4F222848E5008268E1 /* CollectionViewDataSource.swift */; };
		779B4B5422285BE1008268E1 /* UIColor+Name.swift in Sources */ = {isa = PBXBuildFile; fileRef = 779B4B5322285BE0008268E1 /* UIColor+Name.swift */; };
		77ED41372226D73100B70BFD /* Catalog.xcdatamodeld in Sources */ = {isa = PBXBuildFile; fileRef = 77ED41352226D73100B70BFD /* Catalog.xcdatamodeld */; };
		77ED413B2226D79400B70BFD /* CloudKit.framework in Frameworks */ = {isa = PBXBuildFile; fileRef = 77ED413A2226D79400B70BFD /* CloudKit.framework */; };
/* End PBXBuildFile section */

/* Begin PBXFileReference section */
		771EF0202226D0BB0033B8EC /* Book Catalog.app */ = {isa = PBXFileReference; explicitFileType = wrapper.application; includeInIndex = 0; path = "Book Catalog.app"; sourceTree = BUILT_PRODUCTS_DIR; };
		771EF0232226D0BB0033B8EC /* AppDelegate.swift */ = {isa = PBXFileReference; lastKnownFileType = sourcecode.swift; path = AppDelegate.swift; sourceTree = "<group>"; };
		771EF0282226D0BB0033B8EC /* Base */ = {isa = PBXFileReference; lastKnownFileType = file.storyboard; name = Base; path = Base.lproj/Main.storyboard; sourceTree = "<group>"; };
		771EF02A2226D0BD0033B8EC /* Assets.xcassets */ = {isa = PBXFileReference; lastKnownFileType = folder.assetcatalog; path = Assets.xcassets; sourceTree = "<group>"; };
		771EF02D2226D0BD0033B8EC /* Base */ = {isa = PBXFileReference; lastKnownFileType = file.storyboard; name = Base; path = Base.lproj/LaunchScreen.storyboard; sourceTree = "<group>"; };
		771EF02F2226D0BD0033B8EC /* Info.plist */ = {isa = PBXFileReference; lastKnownFileType = text.plist.xml; path = Info.plist; sourceTree = "<group>"; };
		7732D781223082230053BC0F /* CloudKitManager.swift */ = {isa = PBXFileReference; lastKnownFileType = sourcecode.swift; path = CloudKitManager.swift; sourceTree = "<group>"; };
		7732D7832230CC1C0053BC0F /* UserDefaults+Keys.swift */ = {isa = PBXFileReference; lastKnownFileType = sourcecode.swift; path = "UserDefaults+Keys.swift"; sourceTree = "<group>"; };
		779B4B3F222711AC008268E1 /* HomeViewController.swift */ = {isa = PBXFileReference; lastKnownFileType = sourcecode.swift; path = HomeViewController.swift; sourceTree = "<group>"; };
		779B4B412227125C008268E1 /* BookCollectionViewCell.swift */ = {isa = PBXFileReference; lastKnownFileType = sourcecode.swift; path = BookCollectionViewCell.swift; sourceTree = "<group>"; };
		779B4B452227FF2A008268E1 /* Book.swift */ = {isa = PBXFileReference; lastKnownFileType = sourcecode.swift; path = Book.swift; sourceTree = "<group>"; };
		779B4B492228020D008268E1 /* CoreDataManager.swift */ = {isa = PBXFileReference; lastKnownFileType = sourcecode.swift; path = CoreDataManager.swift; sourceTree = "<group>"; };
		779B4B4F222848E5008268E1 /* CollectionViewDataSource.swift */ = {isa = PBXFileReference; lastKnownFileType = sourcecode.swift; path = CollectionViewDataSource.swift; sourceTree = "<group>"; };
		779B4B5322285BE0008268E1 /* UIColor+Name.swift */ = {isa = PBXFileReference; lastKnownFileType = sourcecode.swift; path = "UIColor+Name.swift"; sourceTree = "<group>"; };
		77ED41362226D73100B70BFD /* Book.xcdatamodel */ = {isa = PBXFileReference; lastKnownFileType = wrapper.xcdatamodel; path = Book.xcdatamodel; sourceTree = "<group>"; };
		77ED41382226D79100B70BFD /* Book Catalog.entitlements */ = {isa = PBXFileReference; lastKnownFileType = text.plist.entitlements; path = "Book Catalog.entitlements"; sourceTree = "<group>"; };
		77ED413A2226D79400B70BFD /* CloudKit.framework */ = {isa = PBXFileReference; lastKnownFileType = wrapper.framework; name = CloudKit.framework; path = System/Library/Frameworks/CloudKit.framework; sourceTree = SDKROOT; };
/* End PBXFileReference section */

/* Begin PBXFrameworksBuildPhase section */
		771EF01D2226D0BB0033B8EC /* Frameworks */ = {
			isa = PBXFrameworksBuildPhase;
			buildActionMask = 2147483647;
			files = (
				77ED413B2226D79400B70BFD /* CloudKit.framework in Frameworks */,
			);
			runOnlyForDeploymentPostprocessing = 0;
		};
/* End PBXFrameworksBuildPhase section */

/* Begin PBXGroup section */
		771EF0172226D0BB0033B8EC = {
			isa = PBXGroup;
			children = (
				771EF0222226D0BB0033B8EC /* Book Catalog */,
				771EF0212226D0BB0033B8EC /* Products */,
				77ED41392226D79400B70BFD /* Frameworks */,
			);
			sourceTree = "<group>";
		};
		771EF0212226D0BB0033B8EC /* Products */ = {
			isa = PBXGroup;
			children = (
				771EF0202226D0BB0033B8EC /* Book Catalog.app */,
			);
			name = Products;
			sourceTree = "<group>";
		};
		771EF0222226D0BB0033B8EC /* Book Catalog */ = {
			isa = PBXGroup;
			children = (
				771EF02F2226D0BD0033B8EC /* Info.plist */,
				771EF0232226D0BB0033B8EC /* AppDelegate.swift */,
				779B4B3F222711AC008268E1 /* HomeViewController.swift */,
				779B4B412227125C008268E1 /* BookCollectionViewCell.swift */,
				779B4B452227FF2A008268E1 /* Book.swift */,
				779B4B4F222848E5008268E1 /* CollectionViewDataSource.swift */,
				779B4B492228020D008268E1 /* CoreDataManager.swift */,
				7732D781223082230053BC0F /* CloudKitManager.swift */,
				771EF02A2226D0BD0033B8EC /* Assets.xcassets */,
				771EF0272226D0BB0033B8EC /* Main.storyboard */,
				771EF02C2226D0BD0033B8EC /* LaunchScreen.storyboard */,
				779B4B5322285BE0008268E1 /* UIColor+Name.swift */,
				7732D7832230CC1C0053BC0F /* UserDefaults+Keys.swift */,
				77ED41352226D73100B70BFD /* Catalog.xcdatamodeld */,
				77ED41382226D79100B70BFD /* Book Catalog.entitlements */,
			);
			path = "Book Catalog";
			sourceTree = "<group>";
		};
		77ED41392226D79400B70BFD /* Frameworks */ = {
			isa = PBXGroup;
			children = (
				77ED413A2226D79400B70BFD /* CloudKit.framework */,
			);
			name = Frameworks;
			sourceTree = "<group>";
		};
/* End PBXGroup section */

/* Begin PBXNativeTarget section */
		771EF01F2226D0BB0033B8EC /* Book Catalog */ = {
			isa = PBXNativeTarget;
			buildConfigurationList = 771EF0322226D0BD0033B8EC /* Build configuration list for PBXNativeTarget "Book Catalog" */;
			buildPhases = (
				771EF01C2226D0BB0033B8EC /* Sources */,
				771EF01D2226D0BB0033B8EC /* Frameworks */,
				771EF01E2226D0BB0033B8EC /* Resources */,
			);
			buildRules = (
			);
			dependencies = (
			);
			name = "Book Catalog";
			productName = "Book Catalog";
			productReference = 771EF0202226D0BB0033B8EC /* Book Catalog.app */;
			productType = "com.apple.product-type.application";
		};
/* End PBXNativeTarget section */

/* Begin PBXProject section */
		771EF0182226D0BB0033B8EC /* Project object */ = {
			isa = PBXProject;
			attributes = {
				LastSwiftUpdateCheck = 1010;
				LastUpgradeCheck = 1010;
				ORGANIZATIONNAME = "Carolina Lopes";
				TargetAttributes = {
					771EF01F2226D0BB0033B8EC = {
						CreatedOnToolsVersion = 10.1;
						SystemCapabilities = {
							com.apple.BackgroundModes = {
								enabled = 0;
							};
							com.apple.Push = {
								enabled = 0;
							};
							com.apple.iCloud = {
								enabled = 1;
							};
						};
					};
				};
			};
			buildConfigurationList = 771EF01B2226D0BB0033B8EC /* Build configuration list for PBXProject "Book Catalog" */;
			compatibilityVersion = "Xcode 9.3";
			developmentRegion = en;
			hasScannedForEncodings = 0;
			knownRegions = (
				en,
				Base,
			);
			mainGroup = 771EF0172226D0BB0033B8EC;
			productRefGroup = 771EF0212226D0BB0033B8EC /* Products */;
			projectDirPath = "";
			projectRoot = "";
			targets = (
				771EF01F2226D0BB0033B8EC /* Book Catalog */,
			);
		};
/* End PBXProject section */

/* Begin PBXResourcesBuildPhase section */
		771EF01E2226D0BB0033B8EC /* Resources */ = {
			isa = PBXResourcesBuildPhase;
			buildActionMask = 2147483647;
			files = (
				771EF02E2226D0BD0033B8EC /* LaunchScreen.storyboard in Resources */,
				771EF02B2226D0BD0033B8EC /* Assets.xcassets in Resources */,
				771EF0292226D0BB0033B8EC /* Main.storyboard in Resources */,
			);
			runOnlyForDeploymentPostprocessing = 0;
		};
/* End PBXResourcesBuildPhase section */

/* Begin PBXSourcesBuildPhase section */
		771EF01C2226D0BB0033B8EC /* Sources */ = {
			isa = PBXSourcesBuildPhase;
			buildActionMask = 2147483647;
			files = (
				779B4B422227125C008268E1 /* BookCollectionViewCell.swift in Sources */,
				779B4B5422285BE1008268E1 /* UIColor+Name.swift in Sources */,
				7732D7842230CC1C0053BC0F /* UserDefaults+Keys.swift in Sources */,
				77ED41372226D73100B70BFD /* Catalog.xcdatamodeld in Sources */,
				771EF0242226D0BB0033B8EC /* AppDelegate.swift in Sources */,
				779B4B40222711AC008268E1 /* HomeViewController.swift in Sources */,
				779B4B4A2228020D008268E1 /* CoreDataManager.swift in Sources */,
				779B4B462227FF2A008268E1 /* Book.swift in Sources */,
				779B4B50222848E5008268E1 /* CollectionViewDataSource.swift in Sources */,
				7732D782223082230053BC0F /* CloudKitManager.swift in Sources */,
			);
			runOnlyForDeploymentPostprocessing = 0;
		};
/* End PBXSourcesBuildPhase section */

/* Begin PBXVariantGroup section */
		771EF0272226D0BB0033B8EC /* Main.storyboard */ = {
			isa = PBXVariantGroup;
			children = (
				771EF0282226D0BB0033B8EC /* Base */,
			);
			name = Main.storyboard;
			sourceTree = "<group>";
		};
		771EF02C2226D0BD0033B8EC /* LaunchScreen.storyboard */ = {
			isa = PBXVariantGroup;
			children = (
				771EF02D2226D0BD0033B8EC /* Base */,
			);
			name = LaunchScreen.storyboard;
			sourceTree = "<group>";
		};
/* End PBXVariantGroup section */

/* Begin XCBuildConfiguration section */
		771EF0302226D0BD0033B8EC /* Debug */ = {
			isa = XCBuildConfiguration;
			buildSettings = {
				ALWAYS_SEARCH_USER_PATHS = NO;
				CLANG_ANALYZER_NONNULL = YES;
				CLANG_ANALYZER_NUMBER_OBJECT_CONVERSION = YES_AGGRESSIVE;
				CLANG_CXX_LANGUAGE_STANDARD = "gnu++14";
				CLANG_CXX_LIBRARY = "libc++";
				CLANG_ENABLE_MODULES = YES;
				CLANG_ENABLE_OBJC_ARC = YES;
				CLANG_ENABLE_OBJC_WEAK = YES;
				CLANG_WARN_BLOCK_CAPTURE_AUTORELEASING = YES;
				CLANG_WARN_BOOL_CONVERSION = YES;
				CLANG_WARN_COMMA = YES;
				CLANG_WARN_CONSTANT_CONVERSION = YES;
				CLANG_WARN_DEPRECATED_OBJC_IMPLEMENTATIONS = YES;
				CLANG_WARN_DIRECT_OBJC_ISA_USAGE = YES_ERROR;
				CLANG_WARN_DOCUMENTATION_COMMENTS = YES;
				CLANG_WARN_EMPTY_BODY = YES;
				CLANG_WARN_ENUM_CONVERSION = YES;
				CLANG_WARN_INFINITE_RECURSION = YES;
				CLANG_WARN_INT_CONVERSION = YES;
				CLANG_WARN_NON_LITERAL_NULL_CONVERSION = YES;
				CLANG_WARN_OBJC_IMPLICIT_RETAIN_SELF = YES;
				CLANG_WARN_OBJC_LITERAL_CONVERSION = YES;
				CLANG_WARN_OBJC_ROOT_CLASS = YES_ERROR;
				CLANG_WARN_RANGE_LOOP_ANALYSIS = YES;
				CLANG_WARN_STRICT_PROTOTYPES = YES;
				CLANG_WARN_SUSPICIOUS_MOVE = YES;
				CLANG_WARN_UNGUARDED_AVAILABILITY = YES_AGGRESSIVE;
				CLANG_WARN_UNREACHABLE_CODE = YES;
				CLANG_WARN__DUPLICATE_METHOD_MATCH = YES;
				CODE_SIGN_IDENTITY = "iPhone Developer";
				COPY_PHASE_STRIP = NO;
				DEBUG_INFORMATION_FORMAT = dwarf;
				ENABLE_STRICT_OBJC_MSGSEND = YES;
				ENABLE_TESTABILITY = YES;
				GCC_C_LANGUAGE_STANDARD = gnu11;
				GCC_DYNAMIC_NO_PIC = NO;
				GCC_NO_COMMON_BLOCKS = YES;
				GCC_OPTIMIZATION_LEVEL = 0;
				GCC_PREPROCESSOR_DEFINITIONS = (
					"DEBUG=1",
					"$(inherited)",
				);
				GCC_WARN_64_TO_32_BIT_CONVERSION = YES;
				GCC_WARN_ABOUT_RETURN_TYPE = YES_ERROR;
				GCC_WARN_UNDECLARED_SELECTOR = YES;
				GCC_WARN_UNINITIALIZED_AUTOS = YES_AGGRESSIVE;
				GCC_WARN_UNUSED_FUNCTION = YES;
				GCC_WARN_UNUSED_VARIABLE = YES;
				IPHONEOS_DEPLOYMENT_TARGET = 12.1;
				MTL_ENABLE_DEBUG_INFO = INCLUDE_SOURCE;
				MTL_FAST_MATH = YES;
				ONLY_ACTIVE_ARCH = YES;
				SDKROOT = iphoneos;
				SWIFT_ACTIVE_COMPILATION_CONDITIONS = DEBUG;
				SWIFT_OPTIMIZATION_LEVEL = "-Onone";
			};
			name = Debug;
		};
		771EF0312226D0BD0033B8EC /* Release */ = {
			isa = XCBuildConfiguration;
			buildSettings = {
				ALWAYS_SEARCH_USER_PATHS = NO;
				CLANG_ANALYZER_NONNULL = YES;
				CLANG_ANALYZER_NUMBER_OBJECT_CONVERSION = YES_AGGRESSIVE;
				CLANG_CXX_LANGUAGE_STANDARD = "gnu++14";
				CLANG_CXX_LIBRARY = "libc++";
				CLANG_ENABLE_MODULES = YES;
				CLANG_ENABLE_OBJC_ARC = YES;
				CLANG_ENABLE_OBJC_WEAK = YES;
				CLANG_WARN_BLOCK_CAPTURE_AUTORELEASING = YES;
				CLANG_WARN_BOOL_CONVERSION = YES;
				CLANG_WARN_COMMA = YES;
				CLANG_WARN_CONSTANT_CONVERSION = YES;
				CLANG_WARN_DEPRECATED_OBJC_IMPLEMENTATIONS = YES;
				CLANG_WARN_DIRECT_OBJC_ISA_USAGE = YES_ERROR;
				CLANG_WARN_DOCUMENTATION_COMMENTS = YES;
				CLANG_WARN_EMPTY_BODY = YES;
				CLANG_WARN_ENUM_CONVERSION = YES;
				CLANG_WARN_INFINITE_RECURSION = YES;
				CLANG_WARN_INT_CONVERSION = YES;
				CLANG_WARN_NON_LITERAL_NULL_CONVERSION = YES;
				CLANG_WARN_OBJC_IMPLICIT_RETAIN_SELF = YES;
				CLANG_WARN_OBJC_LITERAL_CONVERSION = YES;
				CLANG_WARN_OBJC_ROOT_CLASS = YES_ERROR;
				CLANG_WARN_RANGE_LOOP_ANALYSIS = YES;
				CLANG_WARN_STRICT_PROTOTYPES = YES;
				CLANG_WARN_SUSPICIOUS_MOVE = YES;
				CLANG_WARN_UNGUARDED_AVAILABILITY = YES_AGGRESSIVE;
				CLANG_WARN_UNREACHABLE_CODE = YES;
				CLANG_WARN__DUPLICATE_METHOD_MATCH = YES;
				CODE_SIGN_IDENTITY = "iPhone Developer";
				COPY_PHASE_STRIP = NO;
				DEBUG_INFORMATION_FORMAT = "dwarf-with-dsym";
				ENABLE_NS_ASSERTIONS = NO;
				ENABLE_STRICT_OBJC_MSGSEND = YES;
				GCC_C_LANGUAGE_STANDARD = gnu11;
				GCC_NO_COMMON_BLOCKS = YES;
				GCC_WARN_64_TO_32_BIT_CONVERSION = YES;
				GCC_WARN_ABOUT_RETURN_TYPE = YES_ERROR;
				GCC_WARN_UNDECLARED_SELECTOR = YES;
				GCC_WARN_UNINITIALIZED_AUTOS = YES_AGGRESSIVE;
				GCC_WARN_UNUSED_FUNCTION = YES;
				GCC_WARN_UNUSED_VARIABLE = YES;
				IPHONEOS_DEPLOYMENT_TARGET = 12.1;
				MTL_ENABLE_DEBUG_INFO = NO;
				MTL_FAST_MATH = YES;
				SDKROOT = iphoneos;
				SWIFT_COMPILATION_MODE = wholemodule;
				SWIFT_OPTIMIZATION_LEVEL = "-O";
				VALIDATE_PRODUCT = YES;
			};
			name = Release;
		};
		771EF0332226D0BD0033B8EC /* Debug */ = {
			isa = XCBuildConfiguration;
			buildSettings = {
				ASSETCATALOG_COMPILER_APPICON_NAME = AppIcon;
				CODE_SIGN_ENTITLEMENTS = "Book Catalog/Book Catalog.entitlements";
				CODE_SIGN_STYLE = Automatic;
				DEVELOPMENT_TEAM = S58NF8SQTX;
				INFOPLIST_FILE = "Book Catalog/Info.plist";
				LD_RUNPATH_SEARCH_PATHS = (
					"$(inherited)",
					"@executable_path/Frameworks",
				);
				PRODUCT_BUNDLE_IDENTIFIER = "com.CarolinaLopes.Book-Catalog";
				PRODUCT_NAME = "$(TARGET_NAME)";
				SWIFT_VERSION = 4.2;
				TARGETED_DEVICE_FAMILY = "1,2";
			};
			name = Debug;
		};
		771EF0342226D0BD0033B8EC /* Release */ = {
			isa = XCBuildConfiguration;
			buildSettings = {
				ASSETCATALOG_COMPILER_APPICON_NAME = AppIcon;
				CODE_SIGN_ENTITLEMENTS = "Book Catalog/Book Catalog.entitlements";
				CODE_SIGN_STYLE = Automatic;
				DEVELOPMENT_TEAM = S58NF8SQTX;
				INFOPLIST_FILE = "Book Catalog/Info.plist";
				LD_RUNPATH_SEARCH_PATHS = (
					"$(inherited)",
					"@executable_path/Frameworks",
				);
				PRODUCT_BUNDLE_IDENTIFIER = "com.CarolinaLopes.Book-Catalog";
				PRODUCT_NAME = "$(TARGET_NAME)";
				SWIFT_VERSION = 4.2;
				TARGETED_DEVICE_FAMILY = "1,2";
			};
			name = Release;
		};
/* End XCBuildConfiguration section */

/* Begin XCConfigurationList section */
		771EF01B2226D0BB0033B8EC /* Build configuration list for PBXProject "Book Catalog" */ = {
			isa = XCConfigurationList;
			buildConfigurations = (
				771EF0302226D0BD0033B8EC /* Debug */,
				771EF0312226D0BD0033B8EC /* Release */,
			);
			defaultConfigurationIsVisible = 0;
			defaultConfigurationName = Release;
		};
		771EF0322226D0BD0033B8EC /* Build configuration list for PBXNativeTarget "Book Catalog" */ = {
			isa = XCConfigurationList;
			buildConfigurations = (
				771EF0332226D0BD0033B8EC /* Debug */,
				771EF0342226D0BD0033B8EC /* Release */,
			);
			defaultConfigurationIsVisible = 0;
			defaultConfigurationName = Release;
		};
/* End XCConfigurationList section */

/* Begin XCVersionGroup section */
		77ED41352226D73100B70BFD /* Catalog.xcdatamodeld */ = {
			isa = XCVersionGroup;
			children = (
				77ED41362226D73100B70BFD /* Book.xcdatamodel */,
			);
			currentVersion = 77ED41362226D73100B70BFD /* Book.xcdatamodel */;
			name = Catalog.xcdatamodeld;
			path = ../Catalog.xcdatamodeld;
			sourceTree = "<group>";
			versionGroupType = wrapper.xcdatamodel;
		};
/* End XCVersionGroup section */
	};
	rootObject = 771EF0182226D0BB0033B8EC /* Project object */;
}
